<Solution>
  <Folder Name="/src/">
    <Project Path="src/DriveOS.Api/DriveOS.Api.csproj" Id="529a0d7b-10eb-43fc-829a-84d6e0a989da" />
  </Folder>
  <Folder Name="/src/BuildingBlocks/">
    <Project Path="src/BuildingBlocks/DriveOS.Application.Abstractions/DriveOS.Application.Abstractions.csproj" Id="e741b6c4-008f-49c6-bf8c-b99ac3d7fdb5" />
    <Project Path="src/BuildingBlocks/DriveOS.SharedKernel/DriveOS.SharedKernel.csproj" Id="10ee4dcc-496b-4b35-920c-288294743c40" />
  </Folder>
  <Folder Name="/src/Modules/" />
  <Folder Name="/src/Modules/Contracts/">
    <Project Path="src/Modules/Contracts/DriveOS.Modules.Contracts.Application/DriveOS.Modules.Contracts.Application.csproj" Id="275922f4-65c3-4689-a4ca-d6f923470dd6" />
    <Project Path="src/Modules/Contracts/DriveOS.Modules.Contracts.Domain/DriveOS.Modules.Contracts.Domain.csproj" Id="467d15d8-a970-46c9-9894-40b1ada34753" />
    <Project Path="src/Modules/Contracts/DriveOS.Modules.Contracts.Infrastructure/DriveOS.Modules.Contracts.Infrastructure.csproj" Id="e23d11ae-cead-4bec-b559-ff3896400f65" />
  </Folder>
  <Folder Name="/src/Modules/CRM/">
    <Project Path="src/Modules/CRM/DriveOS.Modules.CRM.Application/DriveOS.Modules.CRM.Application.csproj" Id="77f4dc4c-1097-4c79-be07-6831d945814f" />
    <Project Path="src/Modules/CRM/DriveOS.Modules.CRM.Domain/DriveOS.Modules.CRM.Domain.csproj" Id="21f9955b-c869-4b6b-afba-65f5aff8cc61" />
    <Project Path="src/Modules/CRM/DriveOS.Modules.CRM.Infrastructure/DriveOS.Modules.CRM.Infrastructure.csproj" Id="527a23bc-b0cf-45b7-ac05-a95f4fdb4fdf" />
  </Folder>
  <Folder Name="/src/Modules/CurriculumPedagogy/">
    <Project Path="src/Modules/CurriculumPedagogy/DriveOS.Modules.CurriculumPedagogy.Application/DriveOS.Modules.CurriculumPedagogy.Application.csproj" Id="cbd1a9ff-33cd-4d30-b74a-e3177284b93a" />
    <Project Path="src/Modules/CurriculumPedagogy/DriveOS.Modules.CurriculumPedagogy.Domain/DriveOS.Modules.CurriculumPedagogy.Domain.csproj" Id="4f8aa51b-6f71-4038-bb13-177e093a91d5" />
    <Project Path="src/Modules/CurriculumPedagogy/DriveOS.Modules.CurriculumPedagogy.Infrastructure/DriveOS.Modules.CurriculumPedagogy.Infrastructure.csproj" Id="be190865-6234-4789-8237-b2ebc148c62a" />
  </Folder>
  <Folder Name="/src/Modules/ExamsCertification/">
    <Project Path="src/Modules/ExamsCertification/DriveOS.Modules.ExamsCertification.Application/DriveOS.Modules.ExamsCertification.Application.csproj" Id="8bc56a2b-58ff-44db-9c15-f720c827b251" />
    <Project Path="src/Modules/ExamsCertification/DriveOS.Modules.ExamsCertification.Domain/DriveOS.Modules.ExamsCertification.Domain.csproj" Id="8a02bfdb-92d6-453f-9ffe-d56382845bdd" />
    <Project Path="src/Modules/ExamsCertification/DriveOS.Modules.ExamsCertification.Infrastructure/DriveOS.Modules.ExamsCertification.Infrastructure.csproj" Id="2216ab75-bafc-47ea-821a-4ec18cb0a4f5" />
  </Folder>
  <Folder Name="/src/Modules/FleetResources/">
    <Project Path="src/Modules/FleetResources/DriveOS.Modules.FleetResources.Application/DriveOS.Modules.FleetResources.Application.csproj" Id="da48075b-2c43-43a1-a68a-763b9a625dde" />
    <Project Path="src/Modules/FleetResources/DriveOS.Modules.FleetResources.Domain/DriveOS.Modules.FleetResources.Domain.csproj" Id="6370487d-92e8-4a23-a5b0-0e27203c8d4d" />
    <Project Path="src/Modules/FleetResources/DriveOS.Modules.FleetResources.Infrastructure/DriveOS.Modules.FleetResources.Infrastructure.csproj" Id="b8c7ca58-afce-4a69-9ee5-983e6c83b56d" />
  </Folder>
  <Folder Name="/src/Modules/FundingBilling/">
    <Project Path="src/Modules/FundingBilling/DriveOS.Modules.FundingBilling.Application/DriveOS.Modules.FundingBilling.Application.csproj" Id="bff0c1d5-4fc4-4551-b92c-89dfb4280261" />
    <Project Path="src/Modules/FundingBilling/DriveOS.Modules.FundingBilling.Domain/DriveOS.Modules.FundingBilling.Domain.csproj" Id="f04bbdb7-22f4-4856-a543-9e16aa17a5f6" />
    <Project Path="src/Modules/FundingBilling/DriveOS.Modules.FundingBilling.Infrastructure/DriveOS.Modules.FundingBilling.Infrastructure.csproj" Id="7c0855cf-1427-4903-a753-d63aadeda9c0" />
  </Folder>
  <Folder Name="/src/Modules/Organizations/">
    <Project Path="src/Modules/Organizations/DriveOS.Modules.Organizations.Application/DriveOS.Modules.Organizations.Application.csproj" Id="8baf701c-becb-4b9b-aa0f-34a25edf32d4" />
    <Project Path="src/Modules/Organizations/DriveOS.Modules.Organizations.Domain/DriveOS.Modules.Organizations.Domain.csproj" Id="112bbccb-e436-4a28-8b99-b7374768d669" />
    <Project Path="src/Modules/Organizations/DriveOS.Modules.Organizations.Infrastructure/DriveOS.Modules.Organizations.Infrastructure.csproj" Id="5cbf3bf1-0066-4423-b44a-9a5ec1dd85bb" />
  </Folder>
  <Folder Name="/src/Modules/SchedulingCapacity/">
    <Project Path="src/Modules/SchedulingCapacity/DriveOS.Modules.SchedulingCapacity.Application/DriveOS.Modules.SchedulingCapacity.Application.csproj" Id="905356f0-6626-498b-b3b1-ed474d24f8e0" />
    <Project Path="src/Modules/SchedulingCapacity/DriveOS.Modules.SchedulingCapacity.Domain/DriveOS.Modules.SchedulingCapacity.Domain.csproj" Id="405d7a82-f030-4ac6-b279-c0a12b2a6ada" />
    <Project Path="src/Modules/SchedulingCapacity/DriveOS.Modules.SchedulingCapacity.Infrastructure/DriveOS.Modules.SchedulingCapacity.Infrastructure.csproj" Id="1d4d072d-8e52-4b48-b565-ebc55bd093b6" />
  </Folder>
  <Folder Name="/src/Modules/Students/">
    <Project Path="src/Modules/Students/DriveOS.Modules.Students.Application/DriveOS.Modules.Students.Application.csproj" Id="24c4f76e-484e-47a8-9b38-875c8bafc2cf" />
    <Project Path="src/Modules/Students/DriveOS.Modules.Students.Domain/DriveOS.Modules.Students.Domain.csproj" Id="50c23ed2-f5c2-4f18-8a47-fb0a247c4d67" />
    <Project Path="src/Modules/Students/DriveOS.Modules.Students.Infrastructure/DriveOS.Modules.Students.Infrastructure.csproj" Id="0081c277-2a61-4617-ba56-8242cd039eb9" />
  </Folder>
  <Folder Name="/src/Modules/TrainingDelivery/">
    <Project Path="src/Modules/TrainingDelivery/DriveOS.Modules.TrainingDelivery.Application/DriveOS.Modules.TrainingDelivery.Application.csproj" Id="a9454fe4-75f9-456c-bf04-3c3f6d51be16" />
    <Project Path="src/Modules/TrainingDelivery/DriveOS.Modules.TrainingDelivery.Domain/DriveOS.Modules.TrainingDelivery.Domain.csproj" Id="d0d5e5f0-a21a-4c23-88f8-3126caaf6da6" />
    <Project Path="src/Modules/TrainingDelivery/DriveOS.Modules.TrainingDelivery.Infrastructure/DriveOS.Modules.TrainingDelivery.Infrastructure.csproj" Id="161ef94a-2072-4dfd-a7e8-1dd1e3622228" />
  </Folder>
  <Folder Name="/Tests/">
    <Project Path="tests/DriveOS.ArchitectureTests/DriveOS.ArchitectureTests.csproj" Id="bf3894b6-baf2-4af6-95cf-8a731425195e" />
    <Project Path="tests/DriveOS.IntegrationTests/DriveOS.IntegrationTests.csproj" Id="9529a569-71c9-42d2-bdb2-e54efe2f57f2" />
    <Project Path="tests/DriveOS.UnitTests/DriveOS.UnitTests.csproj" Id="df3bf9aa-2d16-4ff6-9268-a368d369e4a1" />
  </Folder>
</Solution>
